// !$*UTF8*$!
{
	archiveVersion = 1;
	classes = {
	};
	objectVersion = 56;
	objects = {

/* Begin PBXBuildFile section */
		D519E668296D086D001A3F8E /* versionControlApp.swift in Sources */ = {isa = PBXBuildFile; fileRef = D519E667296D086D001A3F8E /* versionControlApp.swift */; };
		D519E66A296D086D001A3F8E /* ContentView.swift in Sources */ = {isa = PBXBuildFile; fileRef = D519E669296D086D001A3F8E /* ContentView.swift */; };
		D519E66C296D0870001A3F8E /* Assets.xcassets in Resources */ = {isa = PBXBuildFile; fileRef = D519E66B296D0870001A3F8E /* Assets.xcassets */; };
		D519E66F296D0870001A3F8E /* Preview Assets.xcassets in Resources */ = {isa = PBXBuildFile; fileRef = D519E66E296D0870001A3F8E /* Preview Assets.xcassets */; };
		D519E679296D0870001A3F8E /* versionControlTests.swift in Sources */ = {isa = PBXBuildFile; fileRef = D519E678296D0870001A3F8E /* versionControlTests.swift */; };
		D519E683296D0870001A3F8E /* versionControlUITests.swift in Sources */ = {isa = PBXBuildFile; fileRef = D519E682296D0870001A3F8E /* versionControlUITests.swift */; };
		D519E685296D0870001A3F8E /* versionControlUITestsLaunchTests.swift in Sources */ = {isa = PBXBuildFile; fileRef = D519E684296D0870001A3F8E /* versionControlUITestsLaunchTests.swift */; };
/* End PBXBuildFile section */

/* Begin PBXContainerItemProxy section */
		D519E675296D0870001A3F8E /* PBXContainerItemProxy */ = {
			isa = PBXContainerItemProxy;
			containerPortal = D519E65C296D086D001A3F8E /* Project object */;
			proxyType = 1;
			remoteGlobalIDString = D519E663296D086D001A3F8E;
			remoteInfo = versionControl;
		};
		D519E67F296D0870001A3F8E /* PBXContainerItemProxy */ = {
			isa = PBXContainerItemProxy;
			containerPortal = D519E65C296D086D001A3F8E /* Project object */;
			proxyType = 1;
			remoteGlobalIDString = D519E663296D086D001A3F8E;
			remoteInfo = versionControl;
		};
/* End PBXContainerItemProxy section */

/* Begin PBXFileReference section */
		D519E664296D086D001A3F8E /* versionControl.app */ = {isa = PBXFileReference; explicitFileType = wrapper.application; includeInIndex = 0; path = versionControl.app; sourceTree = BUILT_PRODUCTS_DIR; };
		D519E667296D086D001A3F8E /* versionControlApp.swift */ = {isa = PBXFileReference; lastKnownFileType = sourcecode.swift; path = versionControlApp.swift; sourceTree = "<group>"; };
		D519E669296D086D001A3F8E /* ContentView.swift */ = {isa = PBXFileReference; lastKnownFileType = sourcecode.swift; path = ContentView.swift; sourceTree = "<group>"; };
		D519E66B296D0870001A3F8E /* Assets.xcassets */ = {isa = PBXFileReference; lastKnownFileType = folder.assetcatalog; path = Assets.xcassets; sourceTree = "<group>"; };
		D519E66E296D0870001A3F8E /* Preview Assets.xcassets */ = {isa = PBXFileReference; lastKnownFileType = folder.assetcatalog; path = "Preview Assets.xcassets"; sourceTree = "<group>"; };
		D519E674296D0870001A3F8E /* versionControlTests.xctest */ = {isa = PBXFileReference; explicitFileType = wrapper.cfbundle; includeInIndex = 0; path = versionControlTests.xctest; sourceTree = BUILT_PRODUCTS_DIR; };
		D519E678296D0870001A3F8E /* versionControlTests.swift */ = {isa = PBXFileReference; lastKnownFileType = sourcecode.swift; path = versionControlTests.swift; sourceTree = "<group>"; };
		D519E67E296D0870001A3F8E /* versionControlUITests.xctest */ = {isa = PBXFileReference; explicitFileType = wrapper.cfbundle; includeInIndex = 0; path = versionControlUITests.xctest; sourceTree = BUILT_PRODUCTS_DIR; };
		D519E682296D0870001A3F8E /* versionControlUITests.swift */ = {isa = PBXFileReference; lastKnownFileType = sourcecode.swift; path = versionControlUITests.swift; sourceTree = "<group>"; };
		D519E684296D0870001A3F8E /* versionControlUITestsLaunchTests.swift */ = {isa = PBXFileReference; lastKnownFileType = sourcecode.swift; path = versionControlUITestsLaunchTests.swift; sourceTree = "<group>"; };
/* End PBXFileReference section */

/* Begin PBXFrameworksBuildPhase section */
		D519E661296D086D001A3F8E /* Frameworks */ = {
			isa = PBXFrameworksBuildPhase;
			buildActionMask = 2147483647;
			files = (
			);
			runOnlyForDeploymentPostprocessing = 0;
		};
		D519E671296D0870001A3F8E /* Frameworks */ = {
			isa = PBXFrameworksBuildPhase;
			buildActionMask = 2147483647;
			files = (
			);
			runOnlyForDeploymentPostprocessing = 0;
		};
		D519E67B296D0870001A3F8E /* Frameworks */ = {
			isa = PBXFrameworksBuildPhase;
			buildActionMask = 2147483647;
			files = (
			);
			runOnlyForDeploymentPostprocessing = 0;
		};
/* End PBXFrameworksBuildPhase section */

/* Begin PBXGroup section */
		D519E65B296D086D001A3F8E = {
			isa = PBXGroup;
			children = (
				D519E666296D086D001A3F8E /* versionControl */,
				D519E677296D0870001A3F8E /* versionControlTests */,
				D519E681296D0870001A3F8E /* versionControlUITests */,
				D519E665296D086D001A3F8E /* Products */,
			);
			sourceTree = "<group>";
		};
		D519E665296D086D001A3F8E /* Products */ = {
			isa = PBXGroup;
			children = (
				D519E664296D086D001A3F8E /* versionControl.app */,
				D519E674296D0870001A3F8E /* versionControlTests.xctest */,
				D519E67E296D0870001A3F8E /* versionControlUITests.xctest */,
			);
			name = Products;
			sourceTree = "<group>";
		};
		D519E666296D086D001A3F8E /* versionControl */ = {
			isa = PBXGroup;
			children = (
				D519E667296D086D001A3F8E /* versionControlApp.swift */,
				D519E669296D086D001A3F8E /* ContentView.swift */,
				D519E66B296D0870001A3F8E /* Assets.xcassets */,
				D519E66D296D0870001A3F8E /* Preview Content */,
			);
			path = versionControl;
			sourceTree = "<group>";
		};
		D519E66D296D0870001A3F8E /* Preview Content */ = {
			isa = PBXGroup;
			children = (
				D519E66E296D0870001A3F8E /* Preview Assets.xcassets */,
			);
			path = "Preview Content";
			sourceTree = "<group>";
		};
		D519E677296D0870001A3F8E /* versionControlTests */ = {
			isa = PBXGroup;
			children = (
				D519E678296D0870001A3F8E /* versionControlTests.swift */,
			);
			path = versionControlTests;
			sourceTree = "<group>";
		};
		D519E681296D0870001A3F8E /* versionControlUITests */ = {
			isa = PBXGroup;
			children = (
				D519E682296D0870001A3F8E /* versionControlUITests.swift */,
				D519E684296D0870001A3F8E /* versionControlUITestsLaunchTests.swift */,
			);
			path = versionControlUITests;
			sourceTree = "<group>";
		};
/* End PBXGroup section */

/* Begin PBXNativeTarget section */
		D519E663296D086D001A3F8E /* versionControl */ = {
			isa = PBXNativeTarget;
			buildConfigurationList = D519E688296D0870001A3F8E /* Build configuration list for PBXNativeTarget "versionControl" */;
			buildPhases = (
				D519E660296D086D001A3F8E /* Sources */,
				D519E661296D086D001A3F8E /* Frameworks */,
				D519E662296D086D001A3F8E /* Resources */,
			);
			buildRules = (
			);
			dependencies = (
			);
			name = versionControl;
			productName = versionControl;
			productReference = D519E664296D086D001A3F8E /* versionControl.app */;
			productType = "com.apple.product-type.application";
		};
		D519E673296D0870001A3F8E /* versionControlTests */ = {
			isa = PBXNativeTarget;
			buildConfigurationList = D519E68B296D0870001A3F8E /* Build configuration list for PBXNativeTarget "versionControlTests" */;
			buildPhases = (
				D519E670296D0870001A3F8E /* Sources */,
				D519E671296D0870001A3F8E /* Frameworks */,
				D519E672296D0870001A3F8E /* Resources */,
			);
			buildRules = (
			);
			dependencies = (
				D519E676296D0870001A3F8E /* PBXTargetDependency */,
			);
			name = versionControlTests;
			productName = versionControlTests;
			productReference = D519E674296D0870001A3F8E /* versionControlTests.xctest */;
			productType = "com.apple.product-type.bundle.unit-test";
		};
		D519E67D296D0870001A3F8E /* versionControlUITests */ = {
			isa = PBXNativeTarget;
			buildConfigurationList = D519E68E296D0870001A3F8E /* Build configuration list for PBXNativeTarget "versionControlUITests" */;
			buildPhases = (
				D519E67A296D0870001A3F8E /* Sources */,
				D519E67B296D0870001A3F8E /* Frameworks */,
				D519E67C296D0870001A3F8E /* Resources */,
			);
			buildRules = (
			);
			dependencies = (
				D519E680296D0870001A3F8E /* PBXTargetDependency */,
			);
			name = versionControlUITests;
			productName = versionControlUITests;
			productReference = D519E67E296D0870001A3F8E /* versionControlUITests.xctest */;
			productType = "com.apple.product-type.bundle.ui-testing";
		};
/* End PBXNativeTarget section */

/* Begin PBXProject section */
		D519E65C296D086D001A3F8E /* Project object */ = {
			isa = PBXProject;
			attributes = {
				BuildIndependentTargetsInParallel = 1;
				LastSwiftUpdateCheck = 1420;
				LastUpgradeCheck = 1420;
				TargetAttributes = {
					D519E663296D086D001A3F8E = {
						CreatedOnToolsVersion = 14.2;
					};
					D519E673296D0870001A3F8E = {
						CreatedOnToolsVersion = 14.2;
						TestTargetID = D519E663296D086D001A3F8E;
					};
					D519E67D296D0870001A3F8E = {
						CreatedOnToolsVersion = 14.2;
						TestTargetID = D519E663296D086D001A3F8E;
					};
				};
			};
			buildConfigurationList = D519E65F296D086D001A3F8E /* Build configuration list for PBXProject "versionControl" */;
			compatibilityVersion = "Xcode 14.0";
			developmentRegion = en;
			hasScannedForEncodings = 0;
			knownRegions = (
				en,
				Base,
			);
			mainGroup = D519E65B296D086D001A3F8E;
			productRefGroup = D519E665296D086D001A3F8E /* Products */;
			projectDirPath = "";
			projectRoot = "";
			targets = (
				D519E663296D086D001A3F8E /* versionControl */,
				D519E673296D0870001A3F8E /* versionControlTests */,
				D519E67D296D0870001A3F8E /* versionControlUITests */,
			);
		};
/* End PBXProject section */

/* Begin PBXResourcesBuildPhase section */
		D519E662296D086D001A3F8E /* Resources */ = {
			isa = PBXResourcesBuildPhase;
			buildActionMask = 2147483647;
			files = (
				D519E66F296D0870001A3F8E /* Preview Assets.xcassets in Resources */,
				D519E66C296D0870001A3F8E /* Assets.xcassets in Resources */,
			);
			runOnlyForDeploymentPostprocessing = 0;
		};
		D519E672296D0870001A3F8E /* Resources */ = {
			isa = PBXResourcesBuildPhase;
			buildActionMask = 2147483647;
			files = (
			);
			runOnlyForDeploymentPostprocessing = 0;
		};
		D519E67C296D0870001A3F8E /* Resources */ = {
			isa = PBXResourcesBuildPhase;
			buildActionMask = 2147483647;
			files = (
			);
			runOnlyForDeploymentPostprocessing = 0;
		};
/* End PBXResourcesBuildPhase section */

/* Begin PBXSourcesBuildPhase section */
		D519E660296D086D001A3F8E /* Sources */ = {
			isa = PBXSourcesBuildPhase;
			buildActionMask = 2147483647;
			files = (
				D519E66A296D086D001A3F8E /* ContentView.swift in Sources */,
				D519E668296D086D001A3F8E /* versionControlApp.swift in Sources */,
			);
			runOnlyForDeploymentPostprocessing = 0;
		};
		D519E670296D0870001A3F8E /* Sources */ = {
			isa = PBXSourcesBuildPhase;
			buildActionMask = 2147483647;
			files = (
				D519E679296D0870001A3F8E /* versionControlTests.swift in Sources */,
			);
			runOnlyForDeploymentPostprocessing = 0;
		};
		D519E67A296D0870001A3F8E /* Sources */ = {
			isa = PBXSourcesBuildPhase;
			buildActionMask = 2147483647;
			files = (
				D519E683296D0870001A3F8E /* versionControlUITests.swift in Sources */,
				D519E685296D0870001A3F8E /* versionControlUITestsLaunchTests.swift in Sources */,
			);
			runOnlyForDeploymentPostprocessing = 0;
		};
/* End PBXSourcesBuildPhase section */

/* Begin PBXTargetDependency section */
		D519E676296D0870001A3F8E /* PBXTargetDependency */ = {
			isa = PBXTargetDependency;
			target = D519E663296D086D001A3F8E /* versionControl */;
			targetProxy = D519E675296D0870001A3F8E /* PBXContainerItemProxy */;
		};
		D519E680296D0870001A3F8E /* PBXTargetDependency */ = {
			isa = PBXTargetDependency;
			target = D519E663296D086D001A3F8E /* versionControl */;
			targetProxy = D519E67F296D0870001A3F8E /* PBXContainerItemProxy */;
		};
/* End PBXTargetDependency section */

/* Begin XCBuildConfiguration section */
		D519E686296D0870001A3F8E /* Debug */ = {
			isa = XCBuildConfiguration;
			buildSettings = {
				ALWAYS_SEARCH_USER_PATHS = NO;
				CLANG_ANALYZER_NONNULL = YES;
				CLANG_ANALYZER_NUMBER_OBJECT_CONVERSION = YES_AGGRESSIVE;
				CLANG_CXX_LANGUAGE_STANDARD = "gnu++20";
				CLANG_ENABLE_MODULES = YES;
				CLANG_ENABLE_OBJC_ARC = YES;
				CLANG_ENABLE_OBJC_WEAK = YES;
				CLANG_WARN_BLOCK_CAPTURE_AUTORELEASING = YES;
				CLANG_WARN_BOOL_CONVERSION = YES;
				CLANG_WARN_COMMA = YES;
				CLANG_WARN_CONSTANT_CONVERSION = YES;
				CLANG_WARN_DEPRECATED_OBJC_IMPLEMENTATIONS = YES;
				CLANG_WARN_DIRECT_OBJC_ISA_USAGE = YES_ERROR;
				CLANG_WARN_DOCUMENTATION_COMMENTS = YES;
				CLANG_WARN_EMPTY_BODY = YES;
				CLANG_WARN_ENUM_CONVERSION = YES;
				CLANG_WARN_INFINITE_RECURSION = YES;
				CLANG_WARN_INT_CONVERSION = YES;
				CLANG_WARN_NON_LITERAL_NULL_CONVERSION = YES;
				CLANG_WARN_OBJC_IMPLICIT_RETAIN_SELF = YES;
				CLANG_WARN_OBJC_LITERAL_CONVERSION = YES;
				CLANG_WARN_OBJC_ROOT_CLASS = YES_ERROR;
				CLANG_WARN_QUOTED_INCLUDE_IN_FRAMEWORK_HEADER = YES;
				CLANG_WARN_RANGE_LOOP_ANALYSIS = YES;
				CLANG_WARN_STRICT_PROTOTYPES = YES;
				CLANG_WARN_SUSPICIOUS_MOVE = YES;
				CLANG_WARN_UNGUARDED_AVAILABILITY = YES_AGGRESSIVE;
				CLANG_WARN_UNREACHABLE_CODE = YES;
				CLANG_WARN__DUPLICATE_METHOD_MATCH = YES;
				COPY_PHASE_STRIP = NO;
				DEBUG_INFORMATION_FORMAT = dwarf;
				ENABLE_STRICT_OBJC_MSGSEND = YES;
				ENABLE_TESTABILITY = YES;
				GCC_C_LANGUAGE_STANDARD = gnu11;
				GCC_DYNAMIC_NO_PIC = NO;
				GCC_NO_COMMON_BLOCKS = YES;
				GCC_OPTIMIZATION_LEVEL = 0;
				GCC_PREPROCESSOR_DEFINITIONS = (
					"DEBUG=1",
					"$(inherited)",
				);
				GCC_WARN_64_TO_32_BIT_CONVERSION = YES;
				GCC_WARN_ABOUT_RETURN_TYPE = YES_ERROR;
				GCC_WARN_UNDECLARED_SELECTOR = YES;
				GCC_WARN_UNINITIALIZED_AUTOS = YES_AGGRESSIVE;
				GCC_WARN_UNUSED_FUNCTION = YES;
				GCC_WARN_UNUSED_VARIABLE = YES;
				IPHONEOS_DEPLOYMENT_TARGET = 16.2;
				MTL_ENABLE_DEBUG_INFO = INCLUDE_SOURCE;
				MTL_FAST_MATH = YES;
				ONLY_ACTIVE_ARCH = YES;
				SDKROOT = iphoneos;
				SWIFT_ACTIVE_COMPILATION_CONDITIONS = DEBUG;
				SWIFT_OPTIMIZATION_LEVEL = "-Onone";
			};
			name = Debug;
		};
		D519E687296D0870001A3F8E /* Release */ = {
			isa = XCBuildConfiguration;
			buildSettings = {
				ALWAYS_SEARCH_USER_PATHS = NO;
				CLANG_ANALYZER_NONNULL = YES;
				CLANG_ANALYZER_NUMBER_OBJECT_CONVERSION = YES_AGGRESSIVE;
				CLANG_CXX_LANGUAGE_STANDARD = "gnu++20";
				CLANG_ENABLE_MODULES = YES;
				CLANG_ENABLE_OBJC_ARC = YES;
				CLANG_ENABLE_OBJC_WEAK = YES;
				CLANG_WARN_BLOCK_CAPTURE_AUTORELEASING = YES;
				CLANG_WARN_BOOL_CONVERSION = YES;
				CLANG_WARN_COMMA = YES;
				CLANG_WARN_CONSTANT_CONVERSION = YES;
				CLANG_WARN_DEPRECATED_OBJC_IMPLEMENTATIONS = YES;
				CLANG_WARN_DIRECT_OBJC_ISA_USAGE = YES_ERROR;
				CLANG_WARN_DOCUMENTATION_COMMENTS = YES;
				CLANG_WARN_EMPTY_BODY = YES;
				CLANG_WARN_ENUM_CONVERSION = YES;
				CLANG_WARN_INFINITE_RECURSION = YES;
				CLANG_WARN_INT_CONVERSION = YES;
				CLANG_WARN_NON_LITERAL_NULL_CONVERSION = YES;
				CLANG_WARN_OBJC_IMPLICIT_RETAIN_SELF = YES;
				CLANG_WARN_OBJC_LITERAL_CONVERSION = YES;
				CLANG_WARN_OBJC_ROOT_CLASS = YES_ERROR;
				CLANG_WARN_QUOTED_INCLUDE_IN_FRAMEWORK_HEADER = YES;
				CLANG_WARN_RANGE_LOOP_ANALYSIS = YES;
				CLANG_WARN_STRICT_PROTOTYPES = YES;
				CLANG_WARN_SUSPICIOUS_MOVE = YES;
				CLANG_WARN_UNGUARDED_AVAILABILITY = YES_AGGRESSIVE;
				CLANG_WARN_UNREACHABLE_CODE = YES;
				CLANG_WARN__DUPLICATE_METHOD_MATCH = YES;
				COPY_PHASE_STRIP = NO;
				DEBUG_INFORMATION_FORMAT = "dwarf-with-dsym";
				ENABLE_NS_ASSERTIONS = NO;
				ENABLE_STRICT_OBJC_MSGSEND = YES;
				GCC_C_LANGUAGE_STANDARD = gnu11;
				GCC_NO_COMMON_BLOCKS = YES;
				GCC_WARN_64_TO_32_BIT_CONVERSION = YES;
				GCC_WARN_ABOUT_RETURN_TYPE = YES_ERROR;
				GCC_WARN_UNDECLARED_SELECTOR = YES;
				GCC_WARN_UNINITIALIZED_AUTOS = YES_AGGRESSIVE;
				GCC_WARN_UNUSED_FUNCTION = YES;
				GCC_WARN_UNUSED_VARIABLE = YES;
				IPHONEOS_DEPLOYMENT_TARGET = 16.2;
				MTL_ENABLE_DEBUG_INFO = NO;
				MTL_FAST_MATH = YES;
				SDKROOT = iphoneos;
				SWIFT_COMPILATION_MODE = wholemodule;
				SWIFT_OPTIMIZATION_LEVEL = "-O";
				VALIDATE_PRODUCT = YES;
			};
			name = Release;
		};
		D519E689296D0870001A3F8E /* Debug */ = {
			isa = XCBuildConfiguration;
			buildSettings = {
				ASSETCATALOG_COMPILER_APPICON_NAME = AppIcon;
				ASSETCATALOG_COMPILER_GLOBAL_ACCENT_COLOR_NAME = AccentColor;
				CODE_SIGN_STYLE = Automatic;
				CURRENT_PROJECT_VERSION = 1;
				DEVELOPMENT_ASSET_PATHS = "\"versionControl/Preview Content\"";
				ENABLE_PREVIEWS = YES;
				GENERATE_INFOPLIST_FILE = YES;
				INFOPLIST_KEY_UIApplicationSceneManifest_Generation = YES;
				INFOPLIST_KEY_UIApplicationSupportsIndirectInputEvents = YES;
				INFOPLIST_KEY_UILaunchScreen_Generation = YES;
				INFOPLIST_KEY_UISupportedInterfaceOrientations_iPad = "UIInterfaceOrientationPortrait UIInterfaceOrientationPortraitUpsideDown UIInterfaceOrientationLandscapeLeft UIInterfaceOrientationLandscapeRight";
				INFOPLIST_KEY_UISupportedInterfaceOrientations_iPhone = "UIInterfaceOrientationPortrait UIInterfaceOrientationLandscapeLeft UIInterfaceOrientationLandscapeRight";
				LD_RUNPATH_SEARCH_PATHS = (
					"$(inherited)",
					"@executable_path/Frameworks",
				);
				MARKETING_VERSION = 1.0;
				PRODUCT_BUNDLE_IDENTIFIER = griffith.versionControl;
				PRODUCT_NAME = "$(TARGET_NAME)";
				SWIFT_EMIT_LOC_STRINGS = YES;
				SWIFT_VERSION = 5.0;
				TARGETED_DEVICE_FAMILY = "1,2";
			};
			name = Debug;
		};
		D519E68A296D0870001A3F8E /* Release */ = {
			isa = XCBuildConfiguration;
			buildSettings = {
				ASSETCATALOG_COMPILER_APPICON_NAME = AppIcon;
				ASSETCATALOG_COMPILER_GLOBAL_ACCENT_COLOR_NAME = AccentColor;
				CODE_SIGN_STYLE = Automatic;
				CURRENT_PROJECT_VERSION = 1;
				DEVELOPMENT_ASSET_PATHS = "\"versionControl/Preview Content\"";
				ENABLE_PREVIEWS = YES;
				GENERATE_INFOPLIST_FILE = YES;
				INFOPLIST_KEY_UIApplicationSceneManifest_Generation = YES;
				INFOPLIST_KEY_UIApplicationSupportsIndirectInputEvents = YES;
				INFOPLIST_KEY_UILaunchScreen_Generation = YES;
				INFOPLIST_KEY_UISupportedInterfaceOrientations_iPad = "UIInterfaceOrientationPortrait UIInterfaceOrientationPortraitUpsideDown UIInterfaceOrientationLandscapeLeft UIInterfaceOrientationLandscapeRight";
				INFOPLIST_KEY_UISupportedInterfaceOrientations_iPhone = "UIInterfaceOrientationPortrait UIInterfaceOrientationLandscapeLeft UIInterfaceOrientationLandscapeRight";
				LD_RUNPATH_SEARCH_PATHS = (
					"$(inherited)",
					"@executable_path/Frameworks",
				);
				MARKETING_VERSION = 1.0;
				PRODUCT_BUNDLE_IDENTIFIER = griffith.versionControl;
				PRODUCT_NAME = "$(TARGET_NAME)";
				SWIFT_EMIT_LOC_STRINGS = YES;
				SWIFT_VERSION = 5.0;
				TARGETED_DEVICE_FAMILY = "1,2";
			};
			name = Release;
		};
		D519E68C296D0870001A3F8E /* Debug */ = {
			isa = XCBuildConfiguration;
			buildSettings = {
				ALWAYS_EMBED_SWIFT_STANDARD_LIBRARIES = YES;
				BUNDLE_LOADER = "$(TEST_HOST)";
				CODE_SIGN_STYLE = Automatic;
				CURRENT_PROJECT_VERSION = 1;
				GENERATE_INFOPLIST_FILE = YES;
				IPHONEOS_DEPLOYMENT_TARGET = 16.2;
				MARKETING_VERSION = 1.0;
				PRODUCT_BUNDLE_IDENTIFIER = griffith.versionControlTests;
				PRODUCT_NAME = "$(TARGET_NAME)";
				SWIFT_EMIT_LOC_STRINGS = NO;
				SWIFT_VERSION = 5.0;
				TARGETED_DEVICE_FAMILY = "1,2";
				TEST_HOST = "$(BUILT_PRODUCTS_DIR)/versionControl.app/$(BUNDLE_EXECUTABLE_FOLDER_PATH)/versionControl";
			};
			name = Debug;
		};
		D519E68D296D0870001A3F8E /* Release */ = {
			isa = XCBuildConfiguration;
			buildSettings = {
				ALWAYS_EMBED_SWIFT_STANDARD_LIBRARIES = YES;
				BUNDLE_LOADER = "$(TEST_HOST)";
				CODE_SIGN_STYLE = Automatic;
				CURRENT_PROJECT_VERSION = 1;
				GENERATE_INFOPLIST_FILE = YES;
				IPHONEOS_DEPLOYMENT_TARGET = 16.2;
				MARKETING_VERSION = 1.0;
				PRODUCT_BUNDLE_IDENTIFIER = griffith.versionControlTests;
				PRODUCT_NAME = "$(TARGET_NAME)";
				SWIFT_EMIT_LOC_STRINGS = NO;
				SWIFT_VERSION = 5.0;
				TARGETED_DEVICE_FAMILY = "1,2";
				TEST_HOST = "$(BUILT_PRODUCTS_DIR)/versionControl.app/$(BUNDLE_EXECUTABLE_FOLDER_PATH)/versionControl";
			};
			name = Release;
		};
		D519E68F296D0870001A3F8E /* Debug */ = {
			isa = XCBuildConfiguration;
			buildSettings = {
				ALWAYS_EMBED_SWIFT_STANDARD_LIBRARIES = YES;
				CODE_SIGN_STYLE = Automatic;
				CURRENT_PROJECT_VERSION = 1;
				GENERATE_INFOPLIST_FILE = YES;
				MARKETING_VERSION = 1.0;
				PRODUCT_BUNDLE_IDENTIFIER = griffith.versionControlUITests;
				PRODUCT_NAME = "$(TARGET_NAME)";
				SWIFT_EMIT_LOC_STRINGS = NO;
				SWIFT_VERSION = 5.0;
				TARGETED_DEVICE_FAMILY = "1,2";
				TEST_TARGET_NAME = versionControl;
			};
			name = Debug;
		};
		D519E690296D0870001A3F8E /* Release */ = {
			isa = XCBuildConfiguration;
			buildSettings = {
				ALWAYS_EMBED_SWIFT_STANDARD_LIBRARIES = YES;
				CODE_SIGN_STYLE = Automatic;
				CURRENT_PROJECT_VERSION = 1;
				GENERATE_INFOPLIST_FILE = YES;
				MARKETING_VERSION = 1.0;
				PRODUCT_BUNDLE_IDENTIFIER = griffith.versionControlUITests;
				PRODUCT_NAME = "$(TARGET_NAME)";
				SWIFT_EMIT_LOC_STRINGS = NO;
				SWIFT_VERSION = 5.0;
				TARGETED_DEVICE_FAMILY = "1,2";
				TEST_TARGET_NAME = versionControl;
			};
			name = Release;
		};
/* End XCBuildConfiguration section */

/* Begin XCConfigurationList section */
		D519E65F296D086D001A3F8E /* Build configuration list for PBXProject "versionControl" */ = {
			isa = XCConfigurationList;
			buildConfigurations = (
				D519E686296D0870001A3F8E /* Debug */,
				D519E687296D0870001A3F8E /* Release */,
			);
			defaultConfigurationIsVisible = 0;
			defaultConfigurationName = Release;
		};
		D519E688296D0870001A3F8E /* Build configuration list for PBXNativeTarget "versionControl" */ = {
			isa = XCConfigurationList;
			buildConfigurations = (
				D519E689296D0870001A3F8E /* Debug */,
				D519E68A296D0870001A3F8E /* Release */,
			);
			defaultConfigurationIsVisible = 0;
			defaultConfigurationName = Release;
		};
		D519E68B296D0870001A3F8E /* Build configuration list for PBXNativeTarget "versionControlTests" */ = {
			isa = XCConfigurationList;
			buildConfigurations = (
				D519E68C296D0870001A3F8E /* Debug */,
				D519E68D296D0870001A3F8E /* Release */,
			);
			defaultConfigurationIsVisible = 0;
			defaultConfigurationName = Release;
		};
		D519E68E296D0870001A3F8E /* Build configuration list for PBXNativeTarget "versionControlUITests" */ = {
			isa = XCConfigurationList;
			buildConfigurations = (
				D519E68F296D0870001A3F8E /* Debug */,
				D519E690296D0870001A3F8E /* Release */,
			);
			defaultConfigurationIsVisible = 0;
			defaultConfigurationName = Release;
		};
/* End XCConfigurationList section */
	};
	rootObject = D519E65C296D086D001A3F8E /* Project object */;
}
